{
  "object": {
    "pins": [
      {
        "package": "UXKit",
        "repositoryURL": "https://github.com/pkclsoft/UXKit.git",
        "state": {
          "branch": "feature/accessibility",
          "revision": "1f59f5df605050165b8a1e143bd4c7283cc91da8",
          "version": null
        }
      }
    ]
  },
  "version": 1
}
